
Microsoft Visual Studio Solution File, Format Version 12.00
# Visual Studio Version 16
VisualStudioVersion = 16.0.31410.357
MinimumVisualStudioVersion = 10.0.40219.1
Project("{FAE04EC0-301F-11D3-BF4B-00C04F79EFBC}") = "ThreadingDemo1", "ThreadingDemo1\ThreadingDemo1.csproj", "{9C0570D8-79E0-440A-B788-60525727D57F}"
EndProject
Global
	GlobalSection(SolutionConfigurationPlatforms) = preSolution
		Debug|Any CPU = Debug|Any CPU
		Release|Any CPU = Release|Any CPU
	EndGlobalSection
	GlobalSection(ProjectConfigurationPlatforms) = postSolution
		{9C0570D8-79E0-440A-B788-60525727D57F}.Debug|Any CPU.ActiveCfg = Debug|Any CPU
		{9C0570D8-79E0-440A-B788-60525727D57F}.Debug|Any CPU.Build.0 = Debug|Any CPU
		{9C0570D8-79E0-440A-B788-60525727D57F}.Release|Any CPU.ActiveCfg = Release|Any CPU
		{9C0570D8-79E0-440A-B788-60525727D57F}.Release|Any CPU.Build.0 = Release|Any CPU
	EndGlobalSection
	GlobalSection(SolutionProperties) = preSolution
		HideSolutionNode = FALSE
	EndGlobalSection
	GlobalSection(ExtensibilityGlobals) = postSolution
		SolutionGuid = {401A435E-2712-4FA7-B287-282E552691CF}
	EndGlobalSection
EndGlobal
